
Microsoft Visual Studio Solution File, Format Version 12.00
# Visual Studio 14
VisualStudioVersion = 14.0.24720.0
MinimumVisualStudioVersion = 10.0.40219.1
Project("{2150E333-8FDC-42A3-9474-1A3956D46DE8}") = "src", "src", "{15181349-11B7-459B-B2F6-19A79D6C958A}"
EndProject
Project("{2150E333-8FDC-42A3-9474-1A3956D46DE8}") = "Solution Items", "Solution Items", "{BA32C9B6-9FB3-4563-9F6A-EC8E7C16DF7F}"
	ProjectSection(SolutionItems) = preProject
		global.json = global.json
	EndProjectSection
EndProject
Project("{8BB2217D-0F2D-49D1-97BC-3654ED321F3B}") = "Microsoft.AspNet.Diagnostics.StatusCodePagesOverrides", "src\Microsoft.AspNet.Diagnostics.StatusCodePagesOverrides\Microsoft.AspNet.Diagnostics.StatusCodePagesOverrides.xproj", "{39BB0C29-9B84-4473-8A20-903762422827}"
EndProject
Global
	GlobalSection(SolutionConfigurationPlatforms) = preSolution
		Debug|Any CPU = Debug|Any CPU
		Release|Any CPU = Release|Any CPU
	EndGlobalSection
	GlobalSection(ProjectConfigurationPlatforms) = postSolution
		{39BB0C29-9B84-4473-8A20-903762422827}.Debug|Any CPU.ActiveCfg = Debug|Any CPU
		{39BB0C29-9B84-4473-8A20-903762422827}.Debug|Any CPU.Build.0 = Debug|Any CPU
		{39BB0C29-9B84-4473-8A20-903762422827}.Release|Any CPU.ActiveCfg = Release|Any CPU
		{39BB0C29-9B84-4473-8A20-903762422827}.Release|Any CPU.Build.0 = Release|Any CPU
	EndGlobalSection
	GlobalSection(SolutionProperties) = preSolution
		HideSolutionNode = FALSE
	EndGlobalSection
	GlobalSection(NestedProjects) = preSolution
		{39BB0C29-9B84-4473-8A20-903762422827} = {15181349-11B7-459B-B2F6-19A79D6C958A}
	EndGlobalSection
EndGlobal
